
Microsoft Visual Studio Solution File, Format Version 12.00
# Visual Studio Version 17
VisualStudioVersion = 17.1.32210.238
MinimumVisualStudioVersion = 10.0.40219.1
Project("{FAE04EC0-301F-11D3-BF4B-00C04F79EFBC}") = "Taller1", "Taller1\Taller1.csproj", "{F618BBF2-F3F0-40A0-BADD-D506F73C03D9}"
EndProject
Global
	GlobalSection(SolutionConfigurationPlatforms) = preSolution
		Debug|Any CPU = Debug|Any CPU
		Release|Any CPU = Release|Any CPU
	EndGlobalSection
	GlobalSection(ProjectConfigurationPlatforms) = postSolution
		{F618BBF2-F3F0-40A0-BADD-D506F73C03D9}.Debug|Any CPU.ActiveCfg = Debug|Any CPU
		{F618BBF2-F3F0-40A0-BADD-D506F73C03D9}.Debug|Any CPU.Build.0 = Debug|Any CPU
		{F618BBF2-F3F0-40A0-BADD-D506F73C03D9}.Release|Any CPU.ActiveCfg = Release|Any CPU
		{F618BBF2-F3F0-40A0-BADD-D506F73C03D9}.Release|Any CPU.Build.0 = Release|Any CPU
	EndGlobalSection
	GlobalSection(SolutionProperties) = preSolution
		HideSolutionNode = FALSE
	EndGlobalSection
	GlobalSection(ExtensibilityGlobals) = postSolution
		SolutionGuid = {D228984D-3E41-40F3-A913-CDD0CA5FD7A0}
	EndGlobalSection
EndGlobal
